
Microsoft Visual Studio Solution File, Format Version 12.00
# Visual Studio Version 17
VisualStudioVersion = 17.2.32602.215
MinimumVisualStudioVersion = 10.0.40219.1
Project("{8BC9CEB8-8B4A-11D0-8D11-00A0C91BC942}") = "test1", "test1.vcxproj", "{E29D0E95-B7A5-4195-B7D1-69D83B419F52}"
EndProject
Global
	GlobalSection(SolutionConfigurationPlatforms) = preSolution
		Debug|x64 = Debug|x64
		Debug|x86 = Debug|x86
		Release|x64 = Release|x64
		Release|x86 = Release|x86
	EndGlobalSection
	GlobalSection(ProjectConfigurationPlatforms) = postSolution
		{E29D0E95-B7A5-4195-B7D1-69D83B419F52}.Debug|x64.ActiveCfg = Debug|x64
		{E29D0E95-B7A5-4195-B7D1-69D83B419F52}.Debug|x64.Build.0 = Debug|x64
		{E29D0E95-B7A5-4195-B7D1-69D83B419F52}.Debug|x86.ActiveCfg = Debug|Win32
		{E29D0E95-B7A5-4195-B7D1-69D83B419F52}.Debug|x86.Build.0 = Debug|Win32
		{E29D0E95-B7A5-4195-B7D1-69D83B419F52}.Release|x64.ActiveCfg = Release|x64
		{E29D0E95-B7A5-4195-B7D1-69D83B419F52}.Release|x64.Build.0 = Release|x64
		{E29D0E95-B7A5-4195-B7D1-69D83B419F52}.Release|x86.ActiveCfg = Release|Win32
		{E29D0E95-B7A5-4195-B7D1-69D83B419F52}.Release|x86.Build.0 = Release|Win32
	EndGlobalSection
	GlobalSection(SolutionProperties) = preSolution
		HideSolutionNode = FALSE
	EndGlobalSection
	GlobalSection(ExtensibilityGlobals) = postSolution
		SolutionGuid = {D61D6029-86B9-48B6-9EFA-E69794A111E0}
	EndGlobalSection
EndGlobal
